
Microsoft Visual Studio Solution File, Format Version 12.00
# Visual Studio 2012
Project("{FAE04EC0-301F-11D3-BF4B-00C04F79EFBC}") = "Ugoira2gif@pixiv v1.01", "Ugoira2gif@pixiv v1.01\Ugoira2gif@pixiv v1.01.csproj", "{604FDFBB-8B98-4D5F-B346-D8C810536624}"
EndProject
Global
	GlobalSection(SolutionConfigurationPlatforms) = preSolution
		Debug|Any CPU = Debug|Any CPU
		Release|Any CPU = Release|Any CPU
	EndGlobalSection
	GlobalSection(ProjectConfigurationPlatforms) = postSolution
		{604FDFBB-8B98-4D5F-B346-D8C810536624}.Debug|Any CPU.ActiveCfg = Debug|Any CPU
		{604FDFBB-8B98-4D5F-B346-D8C810536624}.Debug|Any CPU.Build.0 = Debug|Any CPU
		{604FDFBB-8B98-4D5F-B346-D8C810536624}.Release|Any CPU.ActiveCfg = Release|Any CPU
		{604FDFBB-8B98-4D5F-B346-D8C810536624}.Release|Any CPU.Build.0 = Release|Any CPU
	EndGlobalSection
	GlobalSection(SolutionProperties) = preSolution
		HideSolutionNode = FALSE
	EndGlobalSection
EndGlobal
